// !$*UTF8*$!
{
	archiveVersion = 1;
	classes = {
	};
	objectVersion = 46;
	objects = {

/* Begin PBXBuildFile section */
		95C2DDF81E69683D00EFA51E /* AppDelegate.swift in Sources */ = {isa = PBXBuildFile; fileRef = 95C2DDF71E69683D00EFA51E /* AppDelegate.swift */; };
		95C2DDFA1E69683D00EFA51E /* ViewController.swift in Sources */ = {isa = PBXBuildFile; fileRef = 95C2DDF91E69683D00EFA51E /* ViewController.swift */; };
		95C2DDFD1E69683D00EFA51E /* Main.storyboard in Resources */ = {isa = PBXBuildFile; fileRef = 95C2DDFB1E69683D00EFA51E /* Main.storyboard */; };
		95C2DDFF1E69683D00EFA51E /* Assets.xcassets in Resources */ = {isa = PBXBuildFile; fileRef = 95C2DDFE1E69683D00EFA51E /* Assets.xcassets */; };
		95C2DE021E69683D00EFA51E /* LaunchScreen.storyboard in Resources */ = {isa = PBXBuildFile; fileRef = 95C2DE001E69683D00EFA51E /* LaunchScreen.storyboard */; };
/* End PBXBuildFile section */

/* Begin PBXFileReference section */
		95C2DDF41E69683D00EFA51E /* LearnSwiftTableHeaderView.app */ = {isa = PBXFileReference; explicitFileType = wrapper.application; includeInIndex = 0; path = LearnSwiftTableHeaderView.app; sourceTree = BUILT_PRODUCTS_DIR; };
		95C2DDF71E69683D00EFA51E /* AppDelegate.swift */ = {isa = PBXFileReference; lastKnownFileType = sourcecode.swift; path = AppDelegate.swift; sourceTree = "<group>"; };
		95C2DDF91E69683D00EFA51E /* ViewController.swift */ = {isa = PBXFileReference; lastKnownFileType = sourcecode.swift; path = ViewController.swift; sourceTree = "<group>"; };
		95C2DDFC1E69683D00EFA51E /* Base */ = {isa = PBXFileReference; lastKnownFileType = file.storyboard; name = Base; path = Base.lproj/Main.storyboard; sourceTree = "<group>"; };
		95C2DDFE1E69683D00EFA51E /* Assets.xcassets */ = {isa = PBXFileReference; lastKnownFileType = folder.assetcatalog; path = Assets.xcassets; sourceTree = "<group>"; };
		95C2DE011E69683D00EFA51E /* Base */ = {isa = PBXFileReference; lastKnownFileType = file.storyboard; name = Base; path = Base.lproj/LaunchScreen.storyboard; sourceTree = "<group>"; };
		95C2DE031E69683D00EFA51E /* Info.plist */ = {isa = PBXFileReference; lastKnownFileType = text.plist.xml; path = Info.plist; sourceTree = "<group>"; };
/* End PBXFileReference section */

/* Begin PBXFrameworksBuildPhase section */
		95C2DDF11E69683D00EFA51E /* Frameworks */ = {
			isa = PBXFrameworksBuildPhase;
			buildActionMask = 2147483647;
			files = (
			);
			runOnlyForDeploymentPostprocessing = 0;
		};
/* End PBXFrameworksBuildPhase section */

/* Begin PBXGroup section */
		95C2DDEB1E69683D00EFA51E = {
			isa = PBXGroup;
			children = (
				95C2DDF61E69683D00EFA51E /* LearnSwiftTableHeaderView */,
				95C2DDF51E69683D00EFA51E /* Products */,
			);
			sourceTree = "<group>";
		};
		95C2DDF51E69683D00EFA51E /* Products */ = {
			isa = PBXGroup;
			children = (
				95C2DDF41E69683D00EFA51E /* LearnSwiftTableHeaderView.app */,
			);
			name = Products;
			sourceTree = "<group>";
		};
		95C2DDF61E69683D00EFA51E /* LearnSwiftTableHeaderView */ = {
			isa = PBXGroup;
			children = (
				95C2DDF71E69683D00EFA51E /* AppDelegate.swift */,
				95C2DDF91E69683D00EFA51E /* ViewController.swift */,
				95C2DDFB1E69683D00EFA51E /* Main.storyboard */,
				95C2DDFE1E69683D00EFA51E /* Assets.xcassets */,
				95C2DE001E69683D00EFA51E /* LaunchScreen.storyboard */,
				95C2DE031E69683D00EFA51E /* Info.plist */,
			);
			path = LearnSwiftTableHeaderView;
			sourceTree = "<group>";
		};
/* End PBXGroup section */

/* Begin PBXNativeTarget section */
		95C2DDF31E69683D00EFA51E /* LearnSwiftTableHeaderView */ = {
			isa = PBXNativeTarget;
			buildConfigurationList = 95C2DE061E69683D00EFA51E /* Build configuration list for PBXNativeTarget "LearnSwiftTableHeaderView" */;
			buildPhases = (
				95C2DDF01E69683D00EFA51E /* Sources */,
				95C2DDF11E69683D00EFA51E /* Frameworks */,
				95C2DDF21E69683D00EFA51E /* Resources */,
			);
			buildRules = (
			);
			dependencies = (
			);
			name = LearnSwiftTableHeaderView;
			productName = LearnSwiftTableHeaderView;
			productReference = 95C2DDF41E69683D00EFA51E /* LearnSwiftTableHeaderView.app */;
			productType = "com.apple.product-type.application";
		};
/* End PBXNativeTarget section */

/* Begin PBXProject section */
		95C2DDEC1E69683D00EFA51E /* Project object */ = {
			isa = PBXProject;
			attributes = {
				LastSwiftUpdateCheck = 0820;
				LastUpgradeCheck = 0820;
				ORGANIZATIONNAME = "zby personal";
				TargetAttributes = {
					95C2DDF31E69683D00EFA51E = {
						CreatedOnToolsVersion = 8.2.1;
						ProvisioningStyle = Automatic;
					};
				};
			};
			buildConfigurationList = 95C2DDEF1E69683D00EFA51E /* Build configuration list for PBXProject "LearnSwiftTableHeaderView" */;
			compatibilityVersion = "Xcode 3.2";
			developmentRegion = English;
			hasScannedForEncodings = 0;
			knownRegions = (
				en,
				Base,
			);
			mainGroup = 95C2DDEB1E69683D00EFA51E;
			productRefGroup = 95C2DDF51E69683D00EFA51E /* Products */;
			projectDirPath = "";
			projectRoot = "";
			targets = (
				95C2DDF31E69683D00EFA51E /* LearnSwiftTableHeaderView */,
			);
		};
/* End PBXProject section */

/* Begin PBXResourcesBuildPhase section */
		95C2DDF21E69683D00EFA51E /* Resources */ = {
			isa = PBXResourcesBuildPhase;
			buildActionMask = 2147483647;
			files = (
				95C2DE021E69683D00EFA51E /* LaunchScreen.storyboard in Resources */,
				95C2DDFF1E69683D00EFA51E /* Assets.xcassets in Resources */,
				95C2DDFD1E69683D00EFA51E /* Main.storyboard in Resources */,
			);
			runOnlyForDeploymentPostprocessing = 0;
		};
/* End PBXResourcesBuildPhase section */

/* Begin PBXSourcesBuildPhase section */
		95C2DDF01E69683D00EFA51E /* Sources */ = {
			isa = PBXSourcesBuildPhase;
			buildActionMask = 2147483647;
			files = (
				95C2DDFA1E69683D00EFA51E /* ViewController.swift in Sources */,
				95C2DDF81E69683D00EFA51E /* AppDelegate.swift in Sources */,
			);
			runOnlyForDeploymentPostprocessing = 0;
		};
/* End PBXSourcesBuildPhase section */

/* Begin PBXVariantGroup section */
		95C2DDFB1E69683D00EFA51E /* Main.storyboard */ = {
			isa = PBXVariantGroup;
			children = (
				95C2DDFC1E69683D00EFA51E /* Base */,
			);
			name = Main.storyboard;
			sourceTree = "<group>";
		};
		95C2DE001E69683D00EFA51E /* LaunchScreen.storyboard */ = {
			isa = PBXVariantGroup;
			children = (
				95C2DE011E69683D00EFA51E /* Base */,
			);
			name = LaunchScreen.storyboard;
			sourceTree = "<group>";
		};
/* End PBXVariantGroup section */

/* Begin XCBuildConfiguration section */
		95C2DE041E69683D00EFA51E /* Debug */ = {
			isa = XCBuildConfiguration;
			buildSettings = {
				ALWAYS_SEARCH_USER_PATHS = NO;
				CLANG_ANALYZER_NONNULL = YES;
				CLANG_CXX_LANGUAGE_STANDARD = "gnu++0x";
				CLANG_CXX_LIBRARY = "libc++";
				CLANG_ENABLE_MODULES = YES;
				CLANG_ENABLE_OBJC_ARC = YES;
				CLANG_WARN_BOOL_CONVERSION = YES;
				CLANG_WARN_CONSTANT_CONVERSION = YES;
				CLANG_WARN_DIRECT_OBJC_ISA_USAGE = YES_ERROR;
				CLANG_WARN_DOCUMENTATION_COMMENTS = YES;
				CLANG_WARN_EMPTY_BODY = YES;
				CLANG_WARN_ENUM_CONVERSION = YES;
				CLANG_WARN_INFINITE_RECURSION = YES;
				CLANG_WARN_INT_CONVERSION = YES;
				CLANG_WARN_OBJC_ROOT_CLASS = YES_ERROR;
				CLANG_WARN_SUSPICIOUS_MOVE = YES;
				CLANG_WARN_UNREACHABLE_CODE = YES;
				CLANG_WARN__DUPLICATE_METHOD_MATCH = YES;
				"CODE_SIGN_IDENTITY[sdk=iphoneos*]" = "iPhone Developer";
				COPY_PHASE_STRIP = NO;
				DEBUG_INFORMATION_FORMAT = dwarf;
				ENABLE_STRICT_OBJC_MSGSEND = YES;
				ENABLE_TESTABILITY = YES;
				GCC_C_LANGUAGE_STANDARD = gnu99;
				GCC_DYNAMIC_NO_PIC = NO;
				GCC_NO_COMMON_BLOCKS = YES;
				GCC_OPTIMIZATION_LEVEL = 0;
				GCC_PREPROCESSOR_DEFINITIONS = (
					"DEBUG=1",
					"$(inherited)",
				);
				GCC_WARN_64_TO_32_BIT_CONVERSION = YES;
				GCC_WARN_ABOUT_RETURN_TYPE = YES_ERROR;
				GCC_WARN_UNDECLARED_SELECTOR = YES;
				GCC_WARN_UNINITIALIZED_AUTOS = YES_AGGRESSIVE;
				GCC_WARN_UNUSED_FUNCTION = YES;
				GCC_WARN_UNUSED_VARIABLE = YES;
				IPHONEOS_DEPLOYMENT_TARGET = 10.2;
				MTL_ENABLE_DEBUG_INFO = YES;
				ONLY_ACTIVE_ARCH = YES;
				SDKROOT = iphoneos;
				SWIFT_ACTIVE_COMPILATION_CONDITIONS = DEBUG;
				SWIFT_OPTIMIZATION_LEVEL = "-Onone";
			};
			name = Debug;
		};
		95C2DE051E69683D00EFA51E /* Release */ = {
			isa = XCBuildConfiguration;
			buildSettings = {
				ALWAYS_SEARCH_USER_PATHS = NO;
				CLANG_ANALYZER_NONNULL = YES;
				CLANG_CXX_LANGUAGE_STANDARD = "gnu++0x";
				CLANG_CXX_LIBRARY = "libc++";
				CLANG_ENABLE_MODULES = YES;
				CLANG_ENABLE_OBJC_ARC = YES;
				CLANG_WARN_BOOL_CONVERSION = YES;
				CLANG_WARN_CONSTANT_CONVERSION = YES;
				CLANG_WARN_DIRECT_OBJC_ISA_USAGE = YES_ERROR;
				CLANG_WARN_DOCUMENTATION_COMMENTS = YES;
				CLANG_WARN_EMPTY_BODY = YES;
				CLANG_WARN_ENUM_CONVERSION = YES;
				CLANG_WARN_INFINITE_RECURSION = YES;
				CLANG_WARN_INT_CONVERSION = YES;
				CLANG_WARN_OBJC_ROOT_CLASS = YES_ERROR;
				CLANG_WARN_SUSPICIOUS_MOVE = YES;
				CLANG_WARN_UNREACHABLE_CODE = YES;
				CLANG_WARN__DUPLICATE_METHOD_MATCH = YES;
				"CODE_SIGN_IDENTITY[sdk=iphoneos*]" = "iPhone Developer";
				COPY_PHASE_STRIP = NO;
				DEBUG_INFORMATION_FORMAT = "dwarf-with-dsym";
				ENABLE_NS_ASSERTIONS = NO;
				ENABLE_STRICT_OBJC_MSGSEND = YES;
				GCC_C_LANGUAGE_STANDARD = gnu99;
				GCC_NO_COMMON_BLOCKS = YES;
				GCC_WARN_64_TO_32_BIT_CONVERSION = YES;
				GCC_WARN_ABOUT_RETURN_TYPE = YES_ERROR;
				GCC_WARN_UNDECLARED_SELECTOR = YES;
				GCC_WARN_UNINITIALIZED_AUTOS = YES_AGGRESSIVE;
				GCC_WARN_UNUSED_FUNCTION = YES;
				GCC_WARN_UNUSED_VARIABLE = YES;
				IPHONEOS_DEPLOYMENT_TARGET = 10.2;
				MTL_ENABLE_DEBUG_INFO = NO;
				SDKROOT = iphoneos;
				SWIFT_OPTIMIZATION_LEVEL = "-Owholemodule";
				VALIDATE_PRODUCT = YES;
			};
			name = Release;
		};
		95C2DE071E69683D00EFA51E /* Debug */ = {
			isa = XCBuildConfiguration;
			buildSettings = {
				ASSETCATALOG_COMPILER_APPICON_NAME = AppIcon;
				INFOPLIST_FILE = LearnSwiftTableHeaderView/Info.plist;
				LD_RUNPATH_SEARCH_PATHS = "$(inherited) @executable_path/Frameworks";
				PRODUCT_BUNDLE_IDENTIFIER = com.zby.LearnSwiftTableHeaderView;
				PRODUCT_NAME = "$(TARGET_NAME)";
				SWIFT_VERSION = 3.0;
			};
			name = Debug;
		};
		95C2DE081E69683D00EFA51E /* Release */ = {
			isa = XCBuildConfiguration;
			buildSettings = {
				ASSETCATALOG_COMPILER_APPICON_NAME = AppIcon;
				INFOPLIST_FILE = LearnSwiftTableHeaderView/Info.plist;
				LD_RUNPATH_SEARCH_PATHS = "$(inherited) @executable_path/Frameworks";
				PRODUCT_BUNDLE_IDENTIFIER = com.zby.LearnSwiftTableHeaderView;
				PRODUCT_NAME = "$(TARGET_NAME)";
				SWIFT_VERSION = 3.0;
			};
			name = Release;
		};
/* End XCBuildConfiguration section */

/* Begin XCConfigurationList section */
		95C2DDEF1E69683D00EFA51E /* Build configuration list for PBXProject "LearnSwiftTableHeaderView" */ = {
			isa = XCConfigurationList;
			buildConfigurations = (
				95C2DE041E69683D00EFA51E /* Debug */,
				95C2DE051E69683D00EFA51E /* Release */,
			);
			defaultConfigurationIsVisible = 0;
			defaultConfigurationName = Release;
		};
		95C2DE061E69683D00EFA51E /* Build configuration list for PBXNativeTarget "LearnSwiftTableHeaderView" */ = {
			isa = XCConfigurationList;
			buildConfigurations = (
				95C2DE071E69683D00EFA51E /* Debug */,
				95C2DE081E69683D00EFA51E /* Release */,
			);
			defaultConfigurationIsVisible = 0;
		};
/* End XCConfigurationList section */
	};
	rootObject = 95C2DDEC1E69683D00EFA51E /* Project object */;
}
